// !$*UTF8*$!
{
	archiveVersion = 1;
	classes = {
	};
	objectVersion = 48;
	objects = {

/* Begin PBXBuildFile section */
		3707C2201FF22101000981D7 /* CycleRepsPlan.swift in Sources */ = {isa = PBXBuildFile; fileRef = 3707C21F1FF22101000981D7 /* CycleRepsPlan.swift */; };
		370EFAD91FD6332E00CDE63D /* FixedSetsPlan.swift in Sources */ = {isa = PBXBuildFile; fileRef = 370EFAD81FD6332E00CDE63D /* FixedSetsPlan.swift */; };
		370EFADB1FD6450400CDE63D /* FixedWeightController.swift in Sources */ = {isa = PBXBuildFile; fileRef = 370EFADA1FD6450400CDE63D /* FixedWeightController.swift */; };
		37163DEE1FD8DA23008EB47D /* VariableRepsPlan.swift in Sources */ = {isa = PBXBuildFile; fileRef = 37163DED1FD8DA23008EB47D /* VariableRepsPlan.swift */; };
		372B14451FE708B800D8392A /* BaseHistoryController.swift in Sources */ = {isa = PBXBuildFile; fileRef = 372B14441FE708B700D8392A /* BaseHistoryController.swift */; };
		372B14471FE7369200D8392A /* WeightedHistoryController.swift in Sources */ = {isa = PBXBuildFile; fileRef = 372B14461FE7369200D8392A /* WeightedHistoryController.swift */; };
		3733073E1FF9EC2D00D540D0 /* MachineController.swift in Sources */ = {isa = PBXBuildFile; fileRef = 3733073D1FF9EC2D00D540D0 /* MachineController.swift */; };
		373307401FFAD08D00D540D0 /* WorkoutOptionsController.swift in Sources */ = {isa = PBXBuildFile; fileRef = 3733073F1FFAD08D00D540D0 /* WorkoutOptionsController.swift */; };
		3743E2B91FB824CC00787CB3 /* FrontEnd.swift in Sources */ = {isa = PBXBuildFile; fileRef = 3743E2B81FB824CC00787CB3 /* FrontEnd.swift */; };
		37452C8E1FDCA98800A3CAA6 /* SteadyStateCardio.swift in Sources */ = {isa = PBXBuildFile; fileRef = 37452C8D1FDCA98800A3CAA6 /* SteadyStateCardio.swift */; };
		37452C901FDDA6B100A3CAA6 /* CardioResultController.swift in Sources */ = {isa = PBXBuildFile; fileRef = 37452C8F1FDDA6B100A3CAA6 /* CardioResultController.swift */; };
		37452C921FDDC01D00A3CAA6 /* IntensityController.swift in Sources */ = {isa = PBXBuildFile; fileRef = 37452C911FDDC01D00A3CAA6 /* IntensityController.swift */; };
		37452C941FDDDA2A00A3CAA6 /* HIITPlan.swift in Sources */ = {isa = PBXBuildFile; fileRef = 37452C931FDDDA2A00A3CAA6 /* HIITPlan.swift */; };
		37452C961FDE3F3100A3CAA6 /* ColorExtension.swift in Sources */ = {isa = PBXBuildFile; fileRef = 37452C951FDE3F3100A3CAA6 /* ColorExtension.swift */; };
		37452C981FDE4D7B00A3CAA6 /* HIITController.swift in Sources */ = {isa = PBXBuildFile; fileRef = 37452C971FDE4D7B00A3CAA6 /* HIITController.swift */; };
		37452C9A1FDE540C00A3CAA6 /* HIITIntensityController.swift in Sources */ = {isa = PBXBuildFile; fileRef = 37452C991FDE540C00A3CAA6 /* HIITIntensityController.swift */; };
		374556EB1FD669ED0005020B /* Notes.swift in Sources */ = {isa = PBXBuildFile; fileRef = 374556EA1FD669ED0005020B /* Notes.swift */; };
		374556ED1FD66ADC0005020B /* NotesController.swift in Sources */ = {isa = PBXBuildFile; fileRef = 374556EC1FD66ADC0005020B /* NotesController.swift */; };
		374556F01FD66F6B0005020B /* SwiftyMarkdown.swift in Sources */ = {isa = PBXBuildFile; fileRef = 374556EF1FD66F6B0005020B /* SwiftyMarkdown.swift */; };
		374E1B6C2009B8AA0052AB0C /* MarkdownController.swift in Sources */ = {isa = PBXBuildFile; fileRef = 374E1B6B2009B8AA0052AB0C /* MarkdownController.swift */; };
		374E1B6E2009DD960052AB0C /* ProgramsTabController.swift in Sources */ = {isa = PBXBuildFile; fileRef = 374E1B6D2009DD960052AB0C /* ProgramsTabController.swift */; };
		375E52E11FE8DFFF0040A975 /* EditWeightedHistoryController.swift in Sources */ = {isa = PBXBuildFile; fileRef = 375E52E01FE8DFFF0040A975 /* EditWeightedHistoryController.swift */; };
		376BA11B2001D57000EF804C /* Phraks.swift in Sources */ = {isa = PBXBuildFile; fileRef = 376BA11A2001D57000EF804C /* Phraks.swift */; };
		376BA11D2001E08A00EF804C /* AMRAPPlan.swift in Sources */ = {isa = PBXBuildFile; fileRef = 376BA11C2001E08A00EF804C /* AMRAPPlan.swift */; };
		376E3C9D1FB7923F006EEAC3 /* Settings.swift in Sources */ = {isa = PBXBuildFile; fileRef = 376E3C9C1FB7923F006EEAC3 /* Settings.swift */; };
		376E3C9F1FB7C7F9006EEAC3 /* Results.swift in Sources */ = {isa = PBXBuildFile; fileRef = 376E3C9E1FB7C7F9006EEAC3 /* Results.swift */; };
		3778CE981FBE730D0042111C /* PercentOfPlan.swift in Sources */ = {isa = PBXBuildFile; fileRef = 3778CE971FBE730D0042111C /* PercentOfPlan.swift */; };
		377C11F31FC26BD20063A324 /* WorkoutController.swift in Sources */ = {isa = PBXBuildFile; fileRef = 377C11F21FC26BD20063A324 /* WorkoutController.swift */; };
		377C11F61FC276300063A324 /* LabelExtension.swift in Sources */ = {isa = PBXBuildFile; fileRef = 377C11F51FC276300063A324 /* LabelExtension.swift */; };
		377F054E1FC0B5980015D7EF /* LinearPlan.swift in Sources */ = {isa = PBXBuildFile; fileRef = 377F054D1FC0B5980015D7EF /* LinearPlan.swift */; };
		377F05501FC0D9CE0015D7EF /* Program.swift in Sources */ = {isa = PBXBuildFile; fileRef = 377F054F1FC0D9CE0015D7EF /* Program.swift */; };
		377F05591FC0DDA10015D7EF /* HLM2.swift in Sources */ = {isa = PBXBuildFile; fileRef = 377F05581FC0DDA10015D7EF /* HLM2.swift */; };
		377F055B1FC0E1000015D7EF /* Helpers.swift in Sources */ = {isa = PBXBuildFile; fileRef = 377F055A1FC0E1000015D7EF /* Helpers.swift */; };
		377F055D1FC11E1B0015D7EF /* Either.swift in Sources */ = {isa = PBXBuildFile; fileRef = 377F055C1FC11E1B0015D7EF /* Either.swift */; };
		378B8E931FBFDF72004CF59B /* VariableSetsPlan.swift in Sources */ = {isa = PBXBuildFile; fileRef = 378B8E921FBFDF72004CF59B /* VariableSetsPlan.swift */; };
		378FC14B1FBD3B6A00A3C66E /* DateExtension.swift in Sources */ = {isa = PBXBuildFile; fileRef = 378FC14A1FBD3B6A00A3C66E /* DateExtension.swift */; };
		378FC1531FBD4C5400A3C66E /* NRepMaxPlan.swift in Sources */ = {isa = PBXBuildFile; fileRef = 378FC1521FBD4C5400A3C66E /* NRepMaxPlan.swift */; };
		37B308DA1FC3234F00556E8F /* ExerciseController.swift in Sources */ = {isa = PBXBuildFile; fileRef = 37B308D91FC3234F00556E8F /* ExerciseController.swift */; };
		37B308DC1FC3BFFB00556E8F /* FontExtension.swift in Sources */ = {isa = PBXBuildFile; fileRef = 37B308DB1FC3BFFB00556E8F /* FontExtension.swift */; };
		37B3ECF11FD370CA00F7D8EF /* VariableRepsController.swift in Sources */ = {isa = PBXBuildFile; fileRef = 37B3ECF01FD370CA00F7D8EF /* VariableRepsController.swift */; };
		37B3ECF31FD3818000F7D8EF /* VariableWeightSetting.swift in Sources */ = {isa = PBXBuildFile; fileRef = 37B3ECF21FD3818000F7D8EF /* VariableWeightSetting.swift */; };
		37B3ECF51FD38B2E00F7D8EF /* DerivedWeightController.swift in Sources */ = {isa = PBXBuildFile; fileRef = 37B3ECF41FD38B2E00F7D8EF /* DerivedWeightController.swift */; };
		37B3ECF71FD38FDB00F7D8EF /* BarbellController.swift in Sources */ = {isa = PBXBuildFile; fileRef = 37B3ECF61FD38FDB00F7D8EF /* BarbellController.swift */; };
		37B3ECF91FD395F900F7D8EF /* WeightsController.swift in Sources */ = {isa = PBXBuildFile; fileRef = 37B3ECF81FD395F900F7D8EF /* WeightsController.swift */; };
		37B3ECFB1FD48DE800F7D8EF /* TimedPlan.swift in Sources */ = {isa = PBXBuildFile; fileRef = 37B3ECFA1FD48DE800F7D8EF /* TimedPlan.swift */; };
		37C5D18F1FC9F25400951FA8 /* Store.swift in Sources */ = {isa = PBXBuildFile; fileRef = 37C5D18E1FC9F25400951FA8 /* Store.swift */; };
		37C5D1911FCB578F00951FA8 /* storableTests.swift in Sources */ = {isa = PBXBuildFile; fileRef = 37C5D1901FCB578F00951FA8 /* storableTests.swift */; };
		37CED46C1FAE289100244ADD /* AppDelegate.swift in Sources */ = {isa = PBXBuildFile; fileRef = 37CED46B1FAE289100244ADD /* AppDelegate.swift */; };
		37CED46E1FAE289100244ADD /* WorkoutsTabController.swift in Sources */ = {isa = PBXBuildFile; fileRef = 37CED46D1FAE289100244ADD /* WorkoutsTabController.swift */; };
		37CED4701FAE289100244ADD /* HistoryTabController.swift in Sources */ = {isa = PBXBuildFile; fileRef = 37CED46F1FAE289100244ADD /* HistoryTabController.swift */; };
		37CED4731FAE289100244ADD /* Main.storyboard in Resources */ = {isa = PBXBuildFile; fileRef = 37CED4711FAE289100244ADD /* Main.storyboard */; };
		37CED4751FAE289100244ADD /* Assets.xcassets in Resources */ = {isa = PBXBuildFile; fileRef = 37CED4741FAE289100244ADD /* Assets.xcassets */; };
		37CED4781FAE289100244ADD /* LaunchScreen.storyboard in Resources */ = {isa = PBXBuildFile; fileRef = 37CED4761FAE289100244ADD /* LaunchScreen.storyboard */; };
		37CED4831FAE289100244ADD /* gym_plannerTests.swift in Sources */ = {isa = PBXBuildFile; fileRef = 37CED4821FAE289100244ADD /* gym_plannerTests.swift */; };
		37CED48F1FAE29E000244ADD /* Plan.swift in Sources */ = {isa = PBXBuildFile; fileRef = 37CED48E1FAE29E000244ADD /* Plan.swift */; };
		37CED4A61FB15E7300244ADD /* Weight.swift in Sources */ = {isa = PBXBuildFile; fileRef = 37CED4A51FB15E7300244ADD /* Weight.swift */; };
		37CED4A81FB1612900244ADD /* weightTests.swift in Sources */ = {isa = PBXBuildFile; fileRef = 37CED4A71FB1612900244ADD /* weightTests.swift */; };
		37CED4AA1FB1625700244ADD /* Exercise.swift in Sources */ = {isa = PBXBuildFile; fileRef = 37CED4A91FB1625700244ADD /* Exercise.swift */; };
		37CED4AD1FB3FCED00244ADD /* SequenceExtension.swift in Sources */ = {isa = PBXBuildFile; fileRef = 37CED4AC1FB3FCED00244ADD /* SequenceExtension.swift */; };
		37CED4B01FB52E2F00244ADD /* MastersBasicCyclePlan.swift in Sources */ = {isa = PBXBuildFile; fileRef = 37CED4AF1FB52E2F00244ADD /* MastersBasicCyclePlan.swift */; };
		37E1CB7B1FE231EE0090E872 /* EditNoteController.swift in Sources */ = {isa = PBXBuildFile; fileRef = 37E1CB7A1FE231EE0090E872 /* EditNoteController.swift */; };
/* End PBXBuildFile section */

/* Begin PBXContainerItemProxy section */
		37CED47F1FAE289100244ADD /* PBXContainerItemProxy */ = {
			isa = PBXContainerItemProxy;
			containerPortal = 37CED4601FAE289100244ADD /* Project object */;
			proxyType = 1;
			remoteGlobalIDString = 37CED4671FAE289100244ADD;
			remoteInfo = "gym-planner";
		};
/* End PBXContainerItemProxy section */

/* Begin PBXFileReference section */
		3707C21F1FF22101000981D7 /* CycleRepsPlan.swift */ = {isa = PBXFileReference; lastKnownFileType = sourcecode.swift; path = CycleRepsPlan.swift; sourceTree = "<group>"; };
		370EFAD81FD6332E00CDE63D /* FixedSetsPlan.swift */ = {isa = PBXFileReference; lastKnownFileType = sourcecode.swift; path = FixedSetsPlan.swift; sourceTree = "<group>"; };
		370EFADA1FD6450400CDE63D /* FixedWeightController.swift */ = {isa = PBXFileReference; lastKnownFileType = sourcecode.swift; path = FixedWeightController.swift; sourceTree = "<group>"; };
		37163DED1FD8DA23008EB47D /* VariableRepsPlan.swift */ = {isa = PBXFileReference; lastKnownFileType = sourcecode.swift; path = VariableRepsPlan.swift; sourceTree = "<group>"; };
		372B14441FE708B700D8392A /* BaseHistoryController.swift */ = {isa = PBXFileReference; lastKnownFileType = sourcecode.swift; path = BaseHistoryController.swift; sourceTree = "<group>"; };
		372B14461FE7369200D8392A /* WeightedHistoryController.swift */ = {isa = PBXFileReference; lastKnownFileType = sourcecode.swift; path = WeightedHistoryController.swift; sourceTree = "<group>"; };
		3733073D1FF9EC2D00D540D0 /* MachineController.swift */ = {isa = PBXFileReference; lastKnownFileType = sourcecode.swift; path = MachineController.swift; sourceTree = "<group>"; };
		3733073F1FFAD08D00D540D0 /* WorkoutOptionsController.swift */ = {isa = PBXFileReference; lastKnownFileType = sourcecode.swift; path = WorkoutOptionsController.swift; sourceTree = "<group>"; };
		3743E2B81FB824CC00787CB3 /* FrontEnd.swift */ = {isa = PBXFileReference; lastKnownFileType = sourcecode.swift; path = FrontEnd.swift; sourceTree = "<group>"; };
		37452C8D1FDCA98800A3CAA6 /* SteadyStateCardio.swift */ = {isa = PBXFileReference; lastKnownFileType = sourcecode.swift; path = SteadyStateCardio.swift; sourceTree = "<group>"; };
		37452C8F1FDDA6B100A3CAA6 /* CardioResultController.swift */ = {isa = PBXFileReference; lastKnownFileType = sourcecode.swift; path = CardioResultController.swift; sourceTree = "<group>"; };
		37452C911FDDC01D00A3CAA6 /* IntensityController.swift */ = {isa = PBXFileReference; lastKnownFileType = sourcecode.swift; path = IntensityController.swift; sourceTree = "<group>"; };
		37452C931FDDDA2A00A3CAA6 /* HIITPlan.swift */ = {isa = PBXFileReference; lastKnownFileType = sourcecode.swift; path = HIITPlan.swift; sourceTree = "<group>"; };
		37452C951FDE3F3100A3CAA6 /* ColorExtension.swift */ = {isa = PBXFileReference; lastKnownFileType = sourcecode.swift; path = ColorExtension.swift; sourceTree = "<group>"; };
		37452C971FDE4D7B00A3CAA6 /* HIITController.swift */ = {isa = PBXFileReference; lastKnownFileType = sourcecode.swift; path = HIITController.swift; sourceTree = "<group>"; };
		37452C991FDE540C00A3CAA6 /* HIITIntensityController.swift */ = {isa = PBXFileReference; lastKnownFileType = sourcecode.swift; path = HIITIntensityController.swift; sourceTree = "<group>"; };
		374556EA1FD669ED0005020B /* Notes.swift */ = {isa = PBXFileReference; lastKnownFileType = sourcecode.swift; path = Notes.swift; sourceTree = "<group>"; };
		374556EC1FD66ADC0005020B /* NotesController.swift */ = {isa = PBXFileReference; lastKnownFileType = sourcecode.swift; path = NotesController.swift; sourceTree = "<group>"; };
		374556EF1FD66F6B0005020B /* SwiftyMarkdown.swift */ = {isa = PBXFileReference; lastKnownFileType = sourcecode.swift; path = SwiftyMarkdown.swift; sourceTree = "<group>"; };
		374E1B6B2009B8AA0052AB0C /* MarkdownController.swift */ = {isa = PBXFileReference; lastKnownFileType = sourcecode.swift; path = MarkdownController.swift; sourceTree = "<group>"; };
		374E1B6D2009DD960052AB0C /* ProgramsTabController.swift */ = {isa = PBXFileReference; fileEncoding = 4; lastKnownFileType = sourcecode.swift; path = ProgramsTabController.swift; sourceTree = "<group>"; };
		375E52E01FE8DFFF0040A975 /* EditWeightedHistoryController.swift */ = {isa = PBXFileReference; lastKnownFileType = sourcecode.swift; path = EditWeightedHistoryController.swift; sourceTree = "<group>"; };
		376BA11A2001D57000EF804C /* Phraks.swift */ = {isa = PBXFileReference; lastKnownFileType = sourcecode.swift; path = Phraks.swift; sourceTree = "<group>"; };
		376BA11C2001E08A00EF804C /* AMRAPPlan.swift */ = {isa = PBXFileReference; lastKnownFileType = sourcecode.swift; path = AMRAPPlan.swift; sourceTree = "<group>"; };
		376E3C9C1FB7923F006EEAC3 /* Settings.swift */ = {isa = PBXFileReference; lastKnownFileType = sourcecode.swift; path = Settings.swift; sourceTree = "<group>"; };
		376E3C9E1FB7C7F9006EEAC3 /* Results.swift */ = {isa = PBXFileReference; lastKnownFileType = sourcecode.swift; path = Results.swift; sourceTree = "<group>"; };
		3778CE971FBE730D0042111C /* PercentOfPlan.swift */ = {isa = PBXFileReference; lastKnownFileType = sourcecode.swift; path = PercentOfPlan.swift; sourceTree = "<group>"; };
		377C11F21FC26BD20063A324 /* WorkoutController.swift */ = {isa = PBXFileReference; lastKnownFileType = sourcecode.swift; path = WorkoutController.swift; sourceTree = "<group>"; };
		377C11F51FC276300063A324 /* LabelExtension.swift */ = {isa = PBXFileReference; lastKnownFileType = sourcecode.swift; path = LabelExtension.swift; sourceTree = "<group>"; };
		377F054D1FC0B5980015D7EF /* LinearPlan.swift */ = {isa = PBXFileReference; lastKnownFileType = sourcecode.swift; path = LinearPlan.swift; sourceTree = "<group>"; };
		377F054F1FC0D9CE0015D7EF /* Program.swift */ = {isa = PBXFileReference; lastKnownFileType = sourcecode.swift; path = Program.swift; sourceTree = "<group>"; };
		377F05581FC0DDA10015D7EF /* HLM2.swift */ = {isa = PBXFileReference; lastKnownFileType = sourcecode.swift; path = HLM2.swift; sourceTree = "<group>"; };
		377F055A1FC0E1000015D7EF /* Helpers.swift */ = {isa = PBXFileReference; lastKnownFileType = sourcecode.swift; path = Helpers.swift; sourceTree = "<group>"; };
		377F055C1FC11E1B0015D7EF /* Either.swift */ = {isa = PBXFileReference; lastKnownFileType = sourcecode.swift; path = Either.swift; sourceTree = "<group>"; };
		378B8E921FBFDF72004CF59B /* VariableSetsPlan.swift */ = {isa = PBXFileReference; lastKnownFileType = sourcecode.swift; path = VariableSetsPlan.swift; sourceTree = "<group>"; };
		378FC14A1FBD3B6A00A3C66E /* DateExtension.swift */ = {isa = PBXFileReference; lastKnownFileType = sourcecode.swift; path = DateExtension.swift; sourceTree = "<group>"; };
		378FC1521FBD4C5400A3C66E /* NRepMaxPlan.swift */ = {isa = PBXFileReference; lastKnownFileType = sourcecode.swift; path = NRepMaxPlan.swift; sourceTree = "<group>"; };
		37B308D91FC3234F00556E8F /* ExerciseController.swift */ = {isa = PBXFileReference; lastKnownFileType = sourcecode.swift; path = ExerciseController.swift; sourceTree = "<group>"; };
		37B308DB1FC3BFFB00556E8F /* FontExtension.swift */ = {isa = PBXFileReference; lastKnownFileType = sourcecode.swift; path = FontExtension.swift; sourceTree = "<group>"; };
		37B3ECF01FD370CA00F7D8EF /* VariableRepsController.swift */ = {isa = PBXFileReference; lastKnownFileType = sourcecode.swift; path = VariableRepsController.swift; sourceTree = "<group>"; };
		37B3ECF21FD3818000F7D8EF /* VariableWeightSetting.swift */ = {isa = PBXFileReference; lastKnownFileType = sourcecode.swift; path = VariableWeightSetting.swift; sourceTree = "<group>"; };
		37B3ECF41FD38B2E00F7D8EF /* DerivedWeightController.swift */ = {isa = PBXFileReference; lastKnownFileType = sourcecode.swift; path = DerivedWeightController.swift; sourceTree = "<group>"; };
		37B3ECF61FD38FDB00F7D8EF /* BarbellController.swift */ = {isa = PBXFileReference; lastKnownFileType = sourcecode.swift; path = BarbellController.swift; sourceTree = "<group>"; };
		37B3ECF81FD395F900F7D8EF /* WeightsController.swift */ = {isa = PBXFileReference; lastKnownFileType = sourcecode.swift; path = WeightsController.swift; sourceTree = "<group>"; };
		37B3ECFA1FD48DE800F7D8EF /* TimedPlan.swift */ = {isa = PBXFileReference; lastKnownFileType = sourcecode.swift; path = TimedPlan.swift; sourceTree = "<group>"; };
		37C5D18E1FC9F25400951FA8 /* Store.swift */ = {isa = PBXFileReference; lastKnownFileType = sourcecode.swift; path = Store.swift; sourceTree = "<group>"; };
		37C5D1901FCB578F00951FA8 /* storableTests.swift */ = {isa = PBXFileReference; lastKnownFileType = sourcecode.swift; path = storableTests.swift; sourceTree = "<group>"; };
		37CED4681FAE289100244ADD /* gym-planner.app */ = {isa = PBXFileReference; explicitFileType = wrapper.application; includeInIndex = 0; path = "gym-planner.app"; sourceTree = BUILT_PRODUCTS_DIR; };
		37CED46B1FAE289100244ADD /* AppDelegate.swift */ = {isa = PBXFileReference; lastKnownFileType = sourcecode.swift; path = AppDelegate.swift; sourceTree = "<group>"; };
		37CED46D1FAE289100244ADD /* WorkoutsTabController.swift */ = {isa = PBXFileReference; lastKnownFileType = sourcecode.swift; path = WorkoutsTabController.swift; sourceTree = "<group>"; };
		37CED46F1FAE289100244ADD /* HistoryTabController.swift */ = {isa = PBXFileReference; lastKnownFileType = sourcecode.swift; path = HistoryTabController.swift; sourceTree = "<group>"; };
		37CED4721FAE289100244ADD /* Base */ = {isa = PBXFileReference; lastKnownFileType = file.storyboard; name = Base; path = Base.lproj/Main.storyboard; sourceTree = "<group>"; };
		37CED4741FAE289100244ADD /* Assets.xcassets */ = {isa = PBXFileReference; lastKnownFileType = folder.assetcatalog; path = Assets.xcassets; sourceTree = "<group>"; };
		37CED4771FAE289100244ADD /* Base */ = {isa = PBXFileReference; lastKnownFileType = file.storyboard; name = Base; path = Base.lproj/LaunchScreen.storyboard; sourceTree = "<group>"; };
		37CED4791FAE289100244ADD /* Info.plist */ = {isa = PBXFileReference; lastKnownFileType = text.plist.xml; path = Info.plist; sourceTree = "<group>"; };
		37CED47E1FAE289100244ADD /* gym-plannerTests.xctest */ = {isa = PBXFileReference; explicitFileType = wrapper.cfbundle; includeInIndex = 0; path = "gym-plannerTests.xctest"; sourceTree = BUILT_PRODUCTS_DIR; };
		37CED4821FAE289100244ADD /* gym_plannerTests.swift */ = {isa = PBXFileReference; lastKnownFileType = sourcecode.swift; path = gym_plannerTests.swift; sourceTree = "<group>"; };
		37CED4841FAE289100244ADD /* Info.plist */ = {isa = PBXFileReference; lastKnownFileType = text.plist.xml; path = Info.plist; sourceTree = "<group>"; };
		37CED48E1FAE29E000244ADD /* Plan.swift */ = {isa = PBXFileReference; lastKnownFileType = sourcecode.swift; path = Plan.swift; sourceTree = "<group>"; };
		37CED4A51FB15E7300244ADD /* Weight.swift */ = {isa = PBXFileReference; lastKnownFileType = sourcecode.swift; path = Weight.swift; sourceTree = "<group>"; };
		37CED4A71FB1612900244ADD /* weightTests.swift */ = {isa = PBXFileReference; lastKnownFileType = sourcecode.swift; path = weightTests.swift; sourceTree = "<group>"; };
		37CED4A91FB1625700244ADD /* Exercise.swift */ = {isa = PBXFileReference; lastKnownFileType = sourcecode.swift; path = Exercise.swift; sourceTree = "<group>"; };
		37CED4AC1FB3FCED00244ADD /* SequenceExtension.swift */ = {isa = PBXFileReference; lastKnownFileType = sourcecode.swift; path = SequenceExtension.swift; sourceTree = "<group>"; };
		37CED4AF1FB52E2F00244ADD /* MastersBasicCyclePlan.swift */ = {isa = PBXFileReference; lastKnownFileType = sourcecode.swift; path = MastersBasicCyclePlan.swift; sourceTree = "<group>"; };
		37E1CB7A1FE231EE0090E872 /* EditNoteController.swift */ = {isa = PBXFileReference; lastKnownFileType = sourcecode.swift; path = EditNoteController.swift; sourceTree = "<group>"; };
/* End PBXFileReference section */

/* Begin PBXFrameworksBuildPhase section */
		37CED4651FAE289100244ADD /* Frameworks */ = {
			isa = PBXFrameworksBuildPhase;
			buildActionMask = 2147483647;
			files = (
			);
			runOnlyForDeploymentPostprocessing = 0;
		};
		37CED47B1FAE289100244ADD /* Frameworks */ = {
			isa = PBXFrameworksBuildPhase;
			buildActionMask = 2147483647;
			files = (
			);
			runOnlyForDeploymentPostprocessing = 0;
		};
/* End PBXFrameworksBuildPhase section */

/* Begin PBXGroup section */
		374556EE1FD66F600005020B /* Third Party */ = {
			isa = PBXGroup;
			children = (
				374556EF1FD66F6B0005020B /* SwiftyMarkdown.swift */,
			);
			path = "Third Party";
			sourceTree = "<group>";
		};
		377C11F41FC2761A0063A324 /* extensions */ = {
			isa = PBXGroup;
			children = (
				377C11F51FC276300063A324 /* LabelExtension.swift */,
				37B308DB1FC3BFFB00556E8F /* FontExtension.swift */,
				37452C951FDE3F3100A3CAA6 /* ColorExtension.swift */,
			);
			path = extensions;
			sourceTree = "<group>";
		};
		377F05571FC0DD8F0015D7EF /* programs */ = {
			isa = PBXGroup;
			children = (
				377F05581FC0DDA10015D7EF /* HLM2.swift */,
				376BA11A2001D57000EF804C /* Phraks.swift */,
			);
			path = programs;
			sourceTree = "<group>";
		};
		37B3ECEF1FD370A600F7D8EF /* setting controllers */ = {
			isa = PBXGroup;
			children = (
				37B3ECF61FD38FDB00F7D8EF /* BarbellController.swift */,
				370EFADA1FD6450400CDE63D /* FixedWeightController.swift */,
				37B3ECF41FD38B2E00F7D8EF /* DerivedWeightController.swift */,
				37452C971FDE4D7B00A3CAA6 /* HIITController.swift */,
				37452C991FDE540C00A3CAA6 /* HIITIntensityController.swift */,
				37452C911FDDC01D00A3CAA6 /* IntensityController.swift */,
				3733073D1FF9EC2D00D540D0 /* MachineController.swift */,
				37B3ECF01FD370CA00F7D8EF /* VariableRepsController.swift */,
				37B3ECF21FD3818000F7D8EF /* VariableWeightSetting.swift */,
				37B3ECF81FD395F900F7D8EF /* WeightsController.swift */,
			);
			path = "setting controllers";
			sourceTree = "<group>";
		};
		37CED45F1FAE289100244ADD = {
			isa = PBXGroup;
			children = (
				37CED46A1FAE289100244ADD /* gym-planner */,
				374556EE1FD66F600005020B /* Third Party */,
				37CED4811FAE289100244ADD /* gym-plannerTests */,
				37CED4741FAE289100244ADD /* Assets.xcassets */,
				37CED4691FAE289100244ADD /* Products */,
			);
			sourceTree = "<group>";
		};
		37CED4691FAE289100244ADD /* Products */ = {
			isa = PBXGroup;
			children = (
				37CED4681FAE289100244ADD /* gym-planner.app */,
				37CED47E1FAE289100244ADD /* gym-plannerTests.xctest */,
			);
			name = Products;
			sourceTree = "<group>";
		};
		37CED46A1FAE289100244ADD /* gym-planner */ = {
			isa = PBXGroup;
			children = (
				37CED48D1FAE29CB00244ADD /* backend */,
				37CED46B1FAE289100244ADD /* AppDelegate.swift */,
				372B14441FE708B700D8392A /* BaseHistoryController.swift */,
				37452C8F1FDDA6B100A3CAA6 /* CardioResultController.swift */,
				37E1CB7A1FE231EE0090E872 /* EditNoteController.swift */,
				375E52E01FE8DFFF0040A975 /* EditWeightedHistoryController.swift */,
				37B308D91FC3234F00556E8F /* ExerciseController.swift */,
				377C11F41FC2761A0063A324 /* extensions */,
				377F055A1FC0E1000015D7EF /* Helpers.swift */,
				37CED46F1FAE289100244ADD /* HistoryTabController.swift */,
				37CED4791FAE289100244ADD /* Info.plist */,
				37CED4761FAE289100244ADD /* LaunchScreen.storyboard */,
				37CED4711FAE289100244ADD /* Main.storyboard */,
				374E1B6B2009B8AA0052AB0C /* MarkdownController.swift */,
				374556EA1FD669ED0005020B /* Notes.swift */,
				374556EC1FD66ADC0005020B /* NotesController.swift */,
				377F05571FC0DD8F0015D7EF /* programs */,
				374E1B6D2009DD960052AB0C /* ProgramsTabController.swift */,
				37B3ECEF1FD370A600F7D8EF /* setting controllers */,
				372B14461FE7369200D8392A /* WeightedHistoryController.swift */,
				377C11F21FC26BD20063A324 /* WorkoutController.swift */,
				3733073F1FFAD08D00D540D0 /* WorkoutOptionsController.swift */,
				37CED46D1FAE289100244ADD /* WorkoutsTabController.swift */,
			);
			path = "gym-planner";
			sourceTree = "<group>";
		};
		37CED4811FAE289100244ADD /* gym-plannerTests */ = {
			isa = PBXGroup;
			children = (
				37CED4821FAE289100244ADD /* gym_plannerTests.swift */,
				37C5D1901FCB578F00951FA8 /* storableTests.swift */,
				37CED4A71FB1612900244ADD /* weightTests.swift */,
				37CED4841FAE289100244ADD /* Info.plist */,
			);
			path = "gym-plannerTests";
			sourceTree = "<group>";
		};
		37CED48D1FAE29CB00244ADD /* backend */ = {
			isa = PBXGroup;
			children = (
				37CED4AE1FB52E1A00244ADD /* plans */,
				37CED4AB1FB3FCD000244ADD /* extensions */,
				377F055C1FC11E1B0015D7EF /* Either.swift */,
				37CED4A91FB1625700244ADD /* Exercise.swift */,
				3743E2B81FB824CC00787CB3 /* FrontEnd.swift */,
				37CED48E1FAE29E000244ADD /* Plan.swift */,
				377F054F1FC0D9CE0015D7EF /* Program.swift */,
				376E3C9E1FB7C7F9006EEAC3 /* Results.swift */,
				376E3C9C1FB7923F006EEAC3 /* Settings.swift */,
				37C5D18E1FC9F25400951FA8 /* Store.swift */,
				37CED4A51FB15E7300244ADD /* Weight.swift */,
			);
			path = backend;
			sourceTree = "<group>";
		};
		37CED4AB1FB3FCD000244ADD /* extensions */ = {
			isa = PBXGroup;
			children = (
				378FC14A1FBD3B6A00A3C66E /* DateExtension.swift */,
				37CED4AC1FB3FCED00244ADD /* SequenceExtension.swift */,
			);
			path = extensions;
			sourceTree = "<group>";
		};
		37CED4AE1FB52E1A00244ADD /* plans */ = {
			isa = PBXGroup;
			children = (
				376BA11C2001E08A00EF804C /* AMRAPPlan.swift */,
				3707C21F1FF22101000981D7 /* CycleRepsPlan.swift */,
				370EFAD81FD6332E00CDE63D /* FixedSetsPlan.swift */,
				37452C931FDDDA2A00A3CAA6 /* HIITPlan.swift */,
				377F054D1FC0B5980015D7EF /* LinearPlan.swift */,
				37CED4AF1FB52E2F00244ADD /* MastersBasicCyclePlan.swift */,
				378FC1521FBD4C5400A3C66E /* NRepMaxPlan.swift */,
				3778CE971FBE730D0042111C /* PercentOfPlan.swift */,
				37452C8D1FDCA98800A3CAA6 /* SteadyStateCardio.swift */,
				37B3ECFA1FD48DE800F7D8EF /* TimedPlan.swift */,
				37163DED1FD8DA23008EB47D /* VariableRepsPlan.swift */,
				378B8E921FBFDF72004CF59B /* VariableSetsPlan.swift */,
			);
			path = plans;
			sourceTree = "<group>";
		};
/* End PBXGroup section */

/* Begin PBXNativeTarget section */
		37CED4671FAE289100244ADD /* gym-planner */ = {
			isa = PBXNativeTarget;
			buildConfigurationList = 37CED4871FAE289100244ADD /* Build configuration list for PBXNativeTarget "gym-planner" */;
			buildPhases = (
				37CED4641FAE289100244ADD /* Sources */,
				37CED4651FAE289100244ADD /* Frameworks */,
				37CED4661FAE289100244ADD /* Resources */,
			);
			buildRules = (
			);
			dependencies = (
			);
			name = "gym-planner";
			productName = "gym-planner";
			productReference = 37CED4681FAE289100244ADD /* gym-planner.app */;
			productType = "com.apple.product-type.application";
		};
		37CED47D1FAE289100244ADD /* gym-plannerTests */ = {
			isa = PBXNativeTarget;
			buildConfigurationList = 37CED48A1FAE289100244ADD /* Build configuration list for PBXNativeTarget "gym-plannerTests" */;
			buildPhases = (
				37CED47A1FAE289100244ADD /* Sources */,
				37CED47B1FAE289100244ADD /* Frameworks */,
				37CED47C1FAE289100244ADD /* Resources */,
			);
			buildRules = (
			);
			dependencies = (
				37CED4801FAE289100244ADD /* PBXTargetDependency */,
			);
			name = "gym-plannerTests";
			productName = "gym-plannerTests";
			productReference = 37CED47E1FAE289100244ADD /* gym-plannerTests.xctest */;
			productType = "com.apple.product-type.bundle.unit-test";
		};
/* End PBXNativeTarget section */

/* Begin PBXProject section */
		37CED4601FAE289100244ADD /* Project object */ = {
			isa = PBXProject;
			attributes = {
				LastSwiftUpdateCheck = 0910;
				LastUpgradeCheck = 0910;
				ORGANIZATIONNAME = MushinApps;
				TargetAttributes = {
					37CED4671FAE289100244ADD = {
						CreatedOnToolsVersion = 9.1;
						ProvisioningStyle = Automatic;
					};
					37CED47D1FAE289100244ADD = {
						CreatedOnToolsVersion = 9.1;
						ProvisioningStyle = Automatic;
						TestTargetID = 37CED4671FAE289100244ADD;
					};
				};
			};
			buildConfigurationList = 37CED4631FAE289100244ADD /* Build configuration list for PBXProject "gym-planner" */;
			compatibilityVersion = "Xcode 8.0";
			developmentRegion = en;
			hasScannedForEncodings = 0;
			knownRegions = (
				en,
				Base,
			);
			mainGroup = 37CED45F1FAE289100244ADD;
			productRefGroup = 37CED4691FAE289100244ADD /* Products */;
			projectDirPath = "";
			projectRoot = "";
			targets = (
				37CED4671FAE289100244ADD /* gym-planner */,
				37CED47D1FAE289100244ADD /* gym-plannerTests */,
			);
		};
/* End PBXProject section */

/* Begin PBXResourcesBuildPhase section */
		37CED4661FAE289100244ADD /* Resources */ = {
			isa = PBXResourcesBuildPhase;
			buildActionMask = 2147483647;
			files = (
				37CED4781FAE289100244ADD /* LaunchScreen.storyboard in Resources */,
				37CED4751FAE289100244ADD /* Assets.xcassets in Resources */,
				37CED4731FAE289100244ADD /* Main.storyboard in Resources */,
			);
			runOnlyForDeploymentPostprocessing = 0;
		};
		37CED47C1FAE289100244ADD /* Resources */ = {
			isa = PBXResourcesBuildPhase;
			buildActionMask = 2147483647;
			files = (
			);
			runOnlyForDeploymentPostprocessing = 0;
		};
/* End PBXResourcesBuildPhase section */

/* Begin PBXSourcesBuildPhase section */
		37CED4641FAE289100244ADD /* Sources */ = {
			isa = PBXSourcesBuildPhase;
			buildActionMask = 2147483647;
			files = (
				37CED4A61FB15E7300244ADD /* Weight.swift in Sources */,
				37B3ECFB1FD48DE800F7D8EF /* TimedPlan.swift in Sources */,
				37452C941FDDDA2A00A3CAA6 /* HIITPlan.swift in Sources */,
				377F055B1FC0E1000015D7EF /* Helpers.swift in Sources */,
				374E1B6C2009B8AA0052AB0C /* MarkdownController.swift in Sources */,
				377F054E1FC0B5980015D7EF /* LinearPlan.swift in Sources */,
				378FC14B1FBD3B6A00A3C66E /* DateExtension.swift in Sources */,
				372B14471FE7369200D8392A /* WeightedHistoryController.swift in Sources */,
				377C11F31FC26BD20063A324 /* WorkoutController.swift in Sources */,
				37B3ECF91FD395F900F7D8EF /* WeightsController.swift in Sources */,
				374E1B6E2009DD960052AB0C /* ProgramsTabController.swift in Sources */,
				37C5D18F1FC9F25400951FA8 /* Store.swift in Sources */,
				370EFAD91FD6332E00CDE63D /* FixedSetsPlan.swift in Sources */,
				37B3ECF31FD3818000F7D8EF /* VariableWeightSetting.swift in Sources */,
				370EFADB1FD6450400CDE63D /* FixedWeightController.swift in Sources */,
				377F055D1FC11E1B0015D7EF /* Either.swift in Sources */,
				37CED4701FAE289100244ADD /* HistoryTabController.swift in Sources */,
				37CED4AD1FB3FCED00244ADD /* SequenceExtension.swift in Sources */,
				372B14451FE708B800D8392A /* BaseHistoryController.swift in Sources */,
				37CED4B01FB52E2F00244ADD /* MastersBasicCyclePlan.swift in Sources */,
				37B308DA1FC3234F00556E8F /* ExerciseController.swift in Sources */,
				375E52E11FE8DFFF0040A975 /* EditWeightedHistoryController.swift in Sources */,
				3707C2201FF22101000981D7 /* CycleRepsPlan.swift in Sources */,
				374556F01FD66F6B0005020B /* SwiftyMarkdown.swift in Sources */,
				37B3ECF71FD38FDB00F7D8EF /* BarbellController.swift in Sources */,
				37B3ECF11FD370CA00F7D8EF /* VariableRepsController.swift in Sources */,
				376E3C9F1FB7C7F9006EEAC3 /* Results.swift in Sources */,
				377F05501FC0D9CE0015D7EF /* Program.swift in Sources */,
				374556ED1FD66ADC0005020B /* NotesController.swift in Sources */,
				37163DEE1FD8DA23008EB47D /* VariableRepsPlan.swift in Sources */,
				37CED46C1FAE289100244ADD /* AppDelegate.swift in Sources */,
				378FC1531FBD4C5400A3C66E /* NRepMaxPlan.swift in Sources */,
				37CED48F1FAE29E000244ADD /* Plan.swift in Sources */,
				3778CE981FBE730D0042111C /* PercentOfPlan.swift in Sources */,
				376E3C9D1FB7923F006EEAC3 /* Settings.swift in Sources */,
				3733073E1FF9EC2D00D540D0 /* MachineController.swift in Sources */,
				37452C9A1FDE540C00A3CAA6 /* HIITIntensityController.swift in Sources */,
				378B8E931FBFDF72004CF59B /* VariableSetsPlan.swift in Sources */,
				37B308DC1FC3BFFB00556E8F /* FontExtension.swift in Sources */,
				37CED46E1FAE289100244ADD /* WorkoutsTabController.swift in Sources */,
				37452C921FDDC01D00A3CAA6 /* IntensityController.swift in Sources */,
				37452C961FDE3F3100A3CAA6 /* ColorExtension.swift in Sources */,
				377C11F61FC276300063A324 /* LabelExtension.swift in Sources */,
				374556EB1FD669ED0005020B /* Notes.swift in Sources */,
				376BA11D2001E08A00EF804C /* AMRAPPlan.swift in Sources */,
				37E1CB7B1FE231EE0090E872 /* EditNoteController.swift in Sources */,
				37452C8E1FDCA98800A3CAA6 /* SteadyStateCardio.swift in Sources */,
				376BA11B2001D57000EF804C /* Phraks.swift in Sources */,
				373307401FFAD08D00D540D0 /* WorkoutOptionsController.swift in Sources */,
				377F05591FC0DDA10015D7EF /* HLM2.swift in Sources */,
				37452C901FDDA6B100A3CAA6 /* CardioResultController.swift in Sources */,
				3743E2B91FB824CC00787CB3 /* FrontEnd.swift in Sources */,
				37452C981FDE4D7B00A3CAA6 /* HIITController.swift in Sources */,
				37CED4AA1FB1625700244ADD /* Exercise.swift in Sources */,
				37B3ECF51FD38B2E00F7D8EF /* DerivedWeightController.swift in Sources */,
			);
			runOnlyForDeploymentPostprocessing = 0;
		};
		37CED47A1FAE289100244ADD /* Sources */ = {
			isa = PBXSourcesBuildPhase;
			buildActionMask = 2147483647;
			files = (
				37CED4831FAE289100244ADD /* gym_plannerTests.swift in Sources */,
				37C5D1911FCB578F00951FA8 /* storableTests.swift in Sources */,
				37CED4A81FB1612900244ADD /* weightTests.swift in Sources */,
			);
			runOnlyForDeploymentPostprocessing = 0;
		};
/* End PBXSourcesBuildPhase section */

/* Begin PBXTargetDependency section */
		37CED4801FAE289100244ADD /* PBXTargetDependency */ = {
			isa = PBXTargetDependency;
			target = 37CED4671FAE289100244ADD /* gym-planner */;
			targetProxy = 37CED47F1FAE289100244ADD /* PBXContainerItemProxy */;
		};
/* End PBXTargetDependency section */

/* Begin PBXVariantGroup section */
		37CED4711FAE289100244ADD /* Main.storyboard */ = {
			isa = PBXVariantGroup;
			children = (
				37CED4721FAE289100244ADD /* Base */,
			);
			name = Main.storyboard;
			sourceTree = "<group>";
		};
		37CED4761FAE289100244ADD /* LaunchScreen.storyboard */ = {
			isa = PBXVariantGroup;
			children = (
				37CED4771FAE289100244ADD /* Base */,
			);
			name = LaunchScreen.storyboard;
			sourceTree = "<group>";
		};
/* End PBXVariantGroup section */

/* Begin XCBuildConfiguration section */
		37CED4851FAE289100244ADD /* Debug */ = {
			isa = XCBuildConfiguration;
			buildSettings = {
				ALWAYS_SEARCH_USER_PATHS = NO;
				CLANG_ANALYZER_NONNULL = YES;
				CLANG_ANALYZER_NUMBER_OBJECT_CONVERSION = YES_AGGRESSIVE;
				CLANG_CXX_LANGUAGE_STANDARD = "gnu++14";
				CLANG_CXX_LIBRARY = "libc++";
				CLANG_ENABLE_MODULES = YES;
				CLANG_ENABLE_OBJC_ARC = YES;
				CLANG_WARN_BLOCK_CAPTURE_AUTORELEASING = YES;
				CLANG_WARN_BOOL_CONVERSION = YES;
				CLANG_WARN_COMMA = YES;
				CLANG_WARN_CONSTANT_CONVERSION = YES;
				CLANG_WARN_DIRECT_OBJC_ISA_USAGE = YES_ERROR;
				CLANG_WARN_DOCUMENTATION_COMMENTS = YES;
				CLANG_WARN_EMPTY_BODY = YES;
				CLANG_WARN_ENUM_CONVERSION = YES;
				CLANG_WARN_INFINITE_RECURSION = YES;
				CLANG_WARN_INT_CONVERSION = YES;
				CLANG_WARN_NON_LITERAL_NULL_CONVERSION = YES;
				CLANG_WARN_OBJC_LITERAL_CONVERSION = YES;
				CLANG_WARN_OBJC_ROOT_CLASS = YES_ERROR;
				CLANG_WARN_RANGE_LOOP_ANALYSIS = YES;
				CLANG_WARN_STRICT_PROTOTYPES = YES;
				CLANG_WARN_SUSPICIOUS_MOVE = YES;
				CLANG_WARN_UNGUARDED_AVAILABILITY = YES_AGGRESSIVE;
				CLANG_WARN_UNREACHABLE_CODE = YES;
				CLANG_WARN__DUPLICATE_METHOD_MATCH = YES;
				CODE_SIGN_IDENTITY = "iPhone Developer";
				COPY_PHASE_STRIP = NO;
				DEBUG_INFORMATION_FORMAT = dwarf;
				ENABLE_STRICT_OBJC_MSGSEND = YES;
				ENABLE_TESTABILITY = YES;
				GCC_C_LANGUAGE_STANDARD = gnu11;
				GCC_DYNAMIC_NO_PIC = NO;
				GCC_NO_COMMON_BLOCKS = YES;
				GCC_OPTIMIZATION_LEVEL = 0;
				GCC_PREPROCESSOR_DEFINITIONS = (
					"DEBUG=1",
					"$(inherited)",
				);
				GCC_WARN_64_TO_32_BIT_CONVERSION = YES;
				GCC_WARN_ABOUT_RETURN_TYPE = YES_ERROR;
				GCC_WARN_UNDECLARED_SELECTOR = YES;
				GCC_WARN_UNINITIALIZED_AUTOS = YES_AGGRESSIVE;
				GCC_WARN_UNUSED_FUNCTION = YES;
				GCC_WARN_UNUSED_VARIABLE = YES;
				IPHONEOS_DEPLOYMENT_TARGET = 11.1;
				MTL_ENABLE_DEBUG_INFO = YES;
				ONLY_ACTIVE_ARCH = YES;
				SDKROOT = iphoneos;
				SWIFT_ACTIVE_COMPILATION_CONDITIONS = DEBUG;
				SWIFT_OPTIMIZATION_LEVEL = "-Onone";
			};
			name = Debug;
		};
		37CED4861FAE289100244ADD /* Release */ = {
			isa = XCBuildConfiguration;
			buildSettings = {
				ALWAYS_SEARCH_USER_PATHS = NO;
				CLANG_ANALYZER_NONNULL = YES;
				CLANG_ANALYZER_NUMBER_OBJECT_CONVERSION = YES_AGGRESSIVE;
				CLANG_CXX_LANGUAGE_STANDARD = "gnu++14";
				CLANG_CXX_LIBRARY = "libc++";
				CLANG_ENABLE_MODULES = YES;
				CLANG_ENABLE_OBJC_ARC = YES;
				CLANG_WARN_BLOCK_CAPTURE_AUTORELEASING = YES;
				CLANG_WARN_BOOL_CONVERSION = YES;
				CLANG_WARN_COMMA = YES;
				CLANG_WARN_CONSTANT_CONVERSION = YES;
				CLANG_WARN_DIRECT_OBJC_ISA_USAGE = YES_ERROR;
				CLANG_WARN_DOCUMENTATION_COMMENTS = YES;
				CLANG_WARN_EMPTY_BODY = YES;
				CLANG_WARN_ENUM_CONVERSION = YES;
				CLANG_WARN_INFINITE_RECURSION = YES;
				CLANG_WARN_INT_CONVERSION = YES;
				CLANG_WARN_NON_LITERAL_NULL_CONVERSION = YES;
				CLANG_WARN_OBJC_LITERAL_CONVERSION = YES;
				CLANG_WARN_OBJC_ROOT_CLASS = YES_ERROR;
				CLANG_WARN_RANGE_LOOP_ANALYSIS = YES;
				CLANG_WARN_STRICT_PROTOTYPES = YES;
				CLANG_WARN_SUSPICIOUS_MOVE = YES;
				CLANG_WARN_UNGUARDED_AVAILABILITY = YES_AGGRESSIVE;
				CLANG_WARN_UNREACHABLE_CODE = YES;
				CLANG_WARN__DUPLICATE_METHOD_MATCH = YES;
				CODE_SIGN_IDENTITY = "iPhone Developer";
				COPY_PHASE_STRIP = NO;
				DEBUG_INFORMATION_FORMAT = "dwarf-with-dsym";
				ENABLE_NS_ASSERTIONS = NO;
				ENABLE_STRICT_OBJC_MSGSEND = YES;
				GCC_C_LANGUAGE_STANDARD = gnu11;
				GCC_NO_COMMON_BLOCKS = YES;
				GCC_WARN_64_TO_32_BIT_CONVERSION = YES;
				GCC_WARN_ABOUT_RETURN_TYPE = YES_ERROR;
				GCC_WARN_UNDECLARED_SELECTOR = YES;
				GCC_WARN_UNINITIALIZED_AUTOS = YES_AGGRESSIVE;
				GCC_WARN_UNUSED_FUNCTION = YES;
				GCC_WARN_UNUSED_VARIABLE = YES;
				IPHONEOS_DEPLOYMENT_TARGET = 11.1;
				MTL_ENABLE_DEBUG_INFO = NO;
				SDKROOT = iphoneos;
				SWIFT_OPTIMIZATION_LEVEL = "-Owholemodule";
				VALIDATE_PRODUCT = YES;
			};
			name = Release;
		};
		37CED4881FAE289100244ADD /* Debug */ = {
			isa = XCBuildConfiguration;
			buildSettings = {
				ASSETCATALOG_COMPILER_APPICON_NAME = AppIcon;
				"CODE_SIGN_IDENTITY[sdk=iphoneos*]" = "iPhone Developer";
				CODE_SIGN_STYLE = Automatic;
				DEVELOPMENT_TEAM = KR7DPSRLLX;
				INFOPLIST_FILE = "gym-planner/Info.plist";
				LD_RUNPATH_SEARCH_PATHS = "$(inherited) @executable_path/Frameworks";
				PRODUCT_BUNDLE_IDENTIFIER = "com.app.mushin.gym-planner";
				PRODUCT_NAME = "$(TARGET_NAME)";
				PROVISIONING_PROFILE = "";
				PROVISIONING_PROFILE_SPECIFIER = "";
				SWIFT_VERSION = 4.0;
				TARGETED_DEVICE_FAMILY = "1,2";
			};
			name = Debug;
		};
		37CED4891FAE289100244ADD /* Release */ = {
			isa = XCBuildConfiguration;
			buildSettings = {
				ASSETCATALOG_COMPILER_APPICON_NAME = AppIcon;
				"CODE_SIGN_IDENTITY[sdk=iphoneos*]" = "iPhone Developer";
				CODE_SIGN_STYLE = Automatic;
				DEVELOPMENT_TEAM = KR7DPSRLLX;
				INFOPLIST_FILE = "gym-planner/Info.plist";
				LD_RUNPATH_SEARCH_PATHS = "$(inherited) @executable_path/Frameworks";
				PRODUCT_BUNDLE_IDENTIFIER = "com.app.mushin.gym-planner";
				PRODUCT_NAME = "$(TARGET_NAME)";
				PROVISIONING_PROFILE = "";
				PROVISIONING_PROFILE_SPECIFIER = "";
				SWIFT_VERSION = 4.0;
				TARGETED_DEVICE_FAMILY = "1,2";
			};
			name = Release;
		};
		37CED48B1FAE289100244ADD /* Debug */ = {
			isa = XCBuildConfiguration;
			buildSettings = {
				ALWAYS_EMBED_SWIFT_STANDARD_LIBRARIES = YES;
				BUNDLE_LOADER = "$(TEST_HOST)";
				CODE_SIGN_STYLE = Automatic;
				DEVELOPMENT_TEAM = KR7DPSRLLX;
				INFOPLIST_FILE = "gym-plannerTests/Info.plist";
				LD_RUNPATH_SEARCH_PATHS = "$(inherited) @executable_path/Frameworks @loader_path/Frameworks";
				PRODUCT_BUNDLE_IDENTIFIER = "com.app.mushin.gym-plannerTests";
				PRODUCT_NAME = "$(TARGET_NAME)";
				SWIFT_VERSION = 4.0;
				TARGETED_DEVICE_FAMILY = "1,2";
				TEST_HOST = "$(BUILT_PRODUCTS_DIR)/gym-planner.app/gym-planner";
			};
			name = Debug;
		};
		37CED48C1FAE289100244ADD /* Release */ = {
			isa = XCBuildConfiguration;
			buildSettings = {
				ALWAYS_EMBED_SWIFT_STANDARD_LIBRARIES = YES;
				BUNDLE_LOADER = "$(TEST_HOST)";
				CODE_SIGN_STYLE = Automatic;
				DEVELOPMENT_TEAM = KR7DPSRLLX;
				INFOPLIST_FILE = "gym-plannerTests/Info.plist";
				LD_RUNPATH_SEARCH_PATHS = "$(inherited) @executable_path/Frameworks @loader_path/Frameworks";
				PRODUCT_BUNDLE_IDENTIFIER = "com.app.mushin.gym-plannerTests";
				PRODUCT_NAME = "$(TARGET_NAME)";
				SWIFT_VERSION = 4.0;
				TARGETED_DEVICE_FAMILY = "1,2";
				TEST_HOST = "$(BUILT_PRODUCTS_DIR)/gym-planner.app/gym-planner";
			};
			name = Release;
		};
/* End XCBuildConfiguration section */

/* Begin XCConfigurationList section */
		37CED4631FAE289100244ADD /* Build configuration list for PBXProject "gym-planner" */ = {
			isa = XCConfigurationList;
			buildConfigurations = (
				37CED4851FAE289100244ADD /* Debug */,
				37CED4861FAE289100244ADD /* Release */,
			);
			defaultConfigurationIsVisible = 0;
			defaultConfigurationName = Release;
		};
		37CED4871FAE289100244ADD /* Build configuration list for PBXNativeTarget "gym-planner" */ = {
			isa = XCConfigurationList;
			buildConfigurations = (
				37CED4881FAE289100244ADD /* Debug */,
				37CED4891FAE289100244ADD /* Release */,
			);
			defaultConfigurationIsVisible = 0;
			defaultConfigurationName = Release;
		};
		37CED48A1FAE289100244ADD /* Build configuration list for PBXNativeTarget "gym-plannerTests" */ = {
			isa = XCConfigurationList;
			buildConfigurations = (
				37CED48B1FAE289100244ADD /* Debug */,
				37CED48C1FAE289100244ADD /* Release */,
			);
			defaultConfigurationIsVisible = 0;
			defaultConfigurationName = Release;
		};
/* End XCConfigurationList section */
	};
	rootObject = 37CED4601FAE289100244ADD /* Project object */;
}
